
Microsoft Visual Studio Solution File, Format Version 12.00
# Visual Studio Version 17
VisualStudioVersion = 17.5.002.0
MinimumVisualStudioVersion = 10.0.40219.1
Project("{9A19103F-16F7-4668-BE54-9A1E7A4F7556}") = "задача_34", "задача_34.csproj", "{FE15B070-5FB3-416A-97C4-A2C381833A57}"
EndProject
Global
	GlobalSection(SolutionConfigurationPlatforms) = preSolution
		Debug|Any CPU = Debug|Any CPU
		Release|Any CPU = Release|Any CPU
	EndGlobalSection
	GlobalSection(ProjectConfigurationPlatforms) = postSolution
		{FE15B070-5FB3-416A-97C4-A2C381833A57}.Debug|Any CPU.ActiveCfg = Debug|Any CPU
		{FE15B070-5FB3-416A-97C4-A2C381833A57}.Debug|Any CPU.Build.0 = Debug|Any CPU
		{FE15B070-5FB3-416A-97C4-A2C381833A57}.Release|Any CPU.ActiveCfg = Release|Any CPU
		{FE15B070-5FB3-416A-97C4-A2C381833A57}.Release|Any CPU.Build.0 = Release|Any CPU
	EndGlobalSection
	GlobalSection(SolutionProperties) = preSolution
		HideSolutionNode = FALSE
	EndGlobalSection
	GlobalSection(ExtensibilityGlobals) = postSolution
		SolutionGuid = {F9F22F33-495E-47A5-848B-DC4D1A3657BD}
	EndGlobalSection
EndGlobal
