
Microsoft Visual Studio Solution File, Format Version 12.00
# Visual Studio Version 17
VisualStudioVersion = 17.5.002.0
MinimumVisualStudioVersion = 10.0.40219.1
Project("{9A19103F-16F7-4668-BE54-9A1E7A4F7556}") = "задача_54", "задача_54.csproj", "{5A89C820-923D-46AD-B844-4B3A31DBF697}"
EndProject
Global
	GlobalSection(SolutionConfigurationPlatforms) = preSolution
		Debug|Any CPU = Debug|Any CPU
		Release|Any CPU = Release|Any CPU
	EndGlobalSection
	GlobalSection(ProjectConfigurationPlatforms) = postSolution
		{5A89C820-923D-46AD-B844-4B3A31DBF697}.Debug|Any CPU.ActiveCfg = Debug|Any CPU
		{5A89C820-923D-46AD-B844-4B3A31DBF697}.Debug|Any CPU.Build.0 = Debug|Any CPU
		{5A89C820-923D-46AD-B844-4B3A31DBF697}.Release|Any CPU.ActiveCfg = Release|Any CPU
		{5A89C820-923D-46AD-B844-4B3A31DBF697}.Release|Any CPU.Build.0 = Release|Any CPU
	EndGlobalSection
	GlobalSection(SolutionProperties) = preSolution
		HideSolutionNode = FALSE
	EndGlobalSection
	GlobalSection(ExtensibilityGlobals) = postSolution
		SolutionGuid = {622956BB-69F3-41B9-BBB0-D73A9DCE3E4C}
	EndGlobalSection
EndGlobal
